
Microsoft Visual Studio Solution File, Format Version 12.00
# Visual Studio Version 17
VisualStudioVersion = 17.0.31903.59
MinimumVisualStudioVersion = 10.0.40219.1
Project("{FAE04EC0-301F-11D3-BF4B-00C04F79EFBC}") = "OrderService.API", "OrderService.API\OrderService.API.csproj", "{9F8327F9-FA9F-4772-91EB-A3BB0419F0FC}"
EndProject
Project("{FAE04EC0-301F-11D3-BF4B-00C04F79EFBC}") = "OrderService.Application", "OrderService.Application\OrderService.Application.csproj", "{6A9402F0-22A1-42D5-B06F-753ADFF3FB1B}"
EndProject
Project("{FAE04EC0-301F-11D3-BF4B-00C04F79EFBC}") = "OrderService.Domain", "OrderService.Domain\OrderService.Domain.csproj", "{B80FD6D8-D7BB-4E79-9610-568935C4D364}"
EndProject
Project("{FAE04EC0-301F-11D3-BF4B-00C04F79EFBC}") = "OrderService.Infrastructure", "OrderService.Infrastructure\OrderService.Infrastructure.csproj", "{6B419B27-F09D-4657-81D7-FF63BF150C56}"
EndProject
Global
	GlobalSection(SolutionConfigurationPlatforms) = preSolution
		Debug|Any CPU = Debug|Any CPU
		Debug|x64 = Debug|x64
		Debug|x86 = Debug|x86
		Release|Any CPU = Release|Any CPU
		Release|x64 = Release|x64
		Release|x86 = Release|x86
	EndGlobalSection
	GlobalSection(ProjectConfigurationPlatforms) = postSolution
		{9F8327F9-FA9F-4772-91EB-A3BB0419F0FC}.Debug|Any CPU.ActiveCfg = Debug|Any CPU
		{9F8327F9-FA9F-4772-91EB-A3BB0419F0FC}.Debug|Any CPU.Build.0 = Debug|Any CPU
		{9F8327F9-FA9F-4772-91EB-A3BB0419F0FC}.Debug|x64.ActiveCfg = Debug|Any CPU
		{9F8327F9-FA9F-4772-91EB-A3BB0419F0FC}.Debug|x64.Build.0 = Debug|Any CPU
		{9F8327F9-FA9F-4772-91EB-A3BB0419F0FC}.Debug|x86.ActiveCfg = Debug|Any CPU
		{9F8327F9-FA9F-4772-91EB-A3BB0419F0FC}.Debug|x86.Build.0 = Debug|Any CPU
		{9F8327F9-FA9F-4772-91EB-A3BB0419F0FC}.Release|Any CPU.ActiveCfg = Release|Any CPU
		{9F8327F9-FA9F-4772-91EB-A3BB0419F0FC}.Release|Any CPU.Build.0 = Release|Any CPU
		{9F8327F9-FA9F-4772-91EB-A3BB0419F0FC}.Release|x64.ActiveCfg = Release|Any CPU
		{9F8327F9-FA9F-4772-91EB-A3BB0419F0FC}.Release|x64.Build.0 = Release|Any CPU
		{9F8327F9-FA9F-4772-91EB-A3BB0419F0FC}.Release|x86.ActiveCfg = Release|Any CPU
		{9F8327F9-FA9F-4772-91EB-A3BB0419F0FC}.Release|x86.Build.0 = Release|Any CPU
		{6A9402F0-22A1-42D5-B06F-753ADFF3FB1B}.Debug|Any CPU.ActiveCfg = Debug|Any CPU
		{6A9402F0-22A1-42D5-B06F-753ADFF3FB1B}.Debug|Any CPU.Build.0 = Debug|Any CPU
		{6A9402F0-22A1-42D5-B06F-753ADFF3FB1B}.Debug|x64.ActiveCfg = Debug|Any CPU
		{6A9402F0-22A1-42D5-B06F-753ADFF3FB1B}.Debug|x64.Build.0 = Debug|Any CPU
		{6A9402F0-22A1-42D5-B06F-753ADFF3FB1B}.Debug|x86.ActiveCfg = Debug|Any CPU
		{6A9402F0-22A1-42D5-B06F-753ADFF3FB1B}.Debug|x86.Build.0 = Debug|Any CPU
		{6A9402F0-22A1-42D5-B06F-753ADFF3FB1B}.Release|Any CPU.ActiveCfg = Release|Any CPU
		{6A9402F0-22A1-42D5-B06F-753ADFF3FB1B}.Release|Any CPU.Build.0 = Release|Any CPU
		{6A9402F0-22A1-42D5-B06F-753ADFF3FB1B}.Release|x64.ActiveCfg = Release|Any CPU
		{6A9402F0-22A1-42D5-B06F-753ADFF3FB1B}.Release|x64.Build.0 = Release|Any CPU
		{6A9402F0-22A1-42D5-B06F-753ADFF3FB1B}.Release|x86.ActiveCfg = Release|Any CPU
		{6A9402F0-22A1-42D5-B06F-753ADFF3FB1B}.Release|x86.Build.0 = Release|Any CPU
		{B80FD6D8-D7BB-4E79-9610-568935C4D364}.Debug|Any CPU.ActiveCfg = Debug|Any CPU
		{B80FD6D8-D7BB-4E79-9610-568935C4D364}.Debug|Any CPU.Build.0 = Debug|Any CPU
		{B80FD6D8-D7BB-4E79-9610-568935C4D364}.Debug|x64.ActiveCfg = Debug|Any CPU
		{B80FD6D8-D7BB-4E79-9610-568935C4D364}.Debug|x64.Build.0 = Debug|Any CPU
		{B80FD6D8-D7BB-4E79-9610-568935C4D364}.Debug|x86.ActiveCfg = Debug|Any CPU
		{B80FD6D8-D7BB-4E79-9610-568935C4D364}.Debug|x86.Build.0 = Debug|Any CPU
		{B80FD6D8-D7BB-4E79-9610-568935C4D364}.Release|Any CPU.ActiveCfg = Release|Any CPU
		{B80FD6D8-D7BB-4E79-9610-568935C4D364}.Release|Any CPU.Build.0 = Release|Any CPU
		{B80FD6D8-D7BB-4E79-9610-568935C4D364}.Release|x64.ActiveCfg = Release|Any CPU
		{B80FD6D8-D7BB-4E79-9610-568935C4D364}.Release|x64.Build.0 = Release|Any CPU
		{B80FD6D8-D7BB-4E79-9610-568935C4D364}.Release|x86.ActiveCfg = Release|Any CPU
		{B80FD6D8-D7BB-4E79-9610-568935C4D364}.Release|x86.Build.0 = Release|Any CPU
		{6B419B27-F09D-4657-81D7-FF63BF150C56}.Debug|Any CPU.ActiveCfg = Debug|Any CPU
		{6B419B27-F09D-4657-81D7-FF63BF150C56}.Debug|Any CPU.Build.0 = Debug|Any CPU
		{6B419B27-F09D-4657-81D7-FF63BF150C56}.Debug|x64.ActiveCfg = Debug|Any CPU
		{6B419B27-F09D-4657-81D7-FF63BF150C56}.Debug|x64.Build.0 = Debug|Any CPU
		{6B419B27-F09D-4657-81D7-FF63BF150C56}.Debug|x86.ActiveCfg = Debug|Any CPU
		{6B419B27-F09D-4657-81D7-FF63BF150C56}.Debug|x86.Build.0 = Debug|Any CPU
		{6B419B27-F09D-4657-81D7-FF63BF150C56}.Release|Any CPU.ActiveCfg = Release|Any CPU
		{6B419B27-F09D-4657-81D7-FF63BF150C56}.Release|Any CPU.Build.0 = Release|Any CPU
		{6B419B27-F09D-4657-81D7-FF63BF150C56}.Release|x64.ActiveCfg = Release|Any CPU
		{6B419B27-F09D-4657-81D7-FF63BF150C56}.Release|x64.Build.0 = Release|Any CPU
		{6B419B27-F09D-4657-81D7-FF63BF150C56}.Release|x86.ActiveCfg = Release|Any CPU
		{6B419B27-F09D-4657-81D7-FF63BF150C56}.Release|x86.Build.0 = Release|Any CPU
	EndGlobalSection
	GlobalSection(SolutionProperties) = preSolution
		HideSolutionNode = FALSE
	EndGlobalSection
EndGlobal
